// !$*UTF8*$!
{
	archiveVersion = 1;
	classes = {
	};
	objectVersion = 56;
	objects = {

/* Begin PBXBuildFile section */
		E019E17E2A011E7F00FBBFAE /* Alert.swift in Sources */ = {isa = PBXBuildFile; fileRef = E019E17D2A011E7F00FBBFAE /* Alert.swift */; };
		E019E1802A011ED500FBBFAE /* AlertManager.swift in Sources */ = {isa = PBXBuildFile; fileRef = E019E17F2A011ED500FBBFAE /* AlertManager.swift */; };
		E019E1822A01673800FBBFAE /* HomeViewController.swift in Sources */ = {isa = PBXBuildFile; fileRef = E019E1812A01673800FBBFAE /* HomeViewController.swift */; };
		E019E1842A02735300FBBFAE /* CategoryManager.swift in Sources */ = {isa = PBXBuildFile; fileRef = E019E1832A02735300FBBFAE /* CategoryManager.swift */; };
		E0C5983029F92B0700CC1DED /* AppDelegate.swift in Sources */ = {isa = PBXBuildFile; fileRef = E0C5982F29F92B0700CC1DED /* AppDelegate.swift */; };
		E0C5983229F92B0700CC1DED /* SceneDelegate.swift in Sources */ = {isa = PBXBuildFile; fileRef = E0C5983129F92B0700CC1DED /* SceneDelegate.swift */; };
		E0C5983429F92B0700CC1DED /* LandingViewController.swift in Sources */ = {isa = PBXBuildFile; fileRef = E0C5983329F92B0700CC1DED /* LandingViewController.swift */; };
		E0C5983729F92B0700CC1DED /* Main.storyboard in Resources */ = {isa = PBXBuildFile; fileRef = E0C5983529F92B0700CC1DED /* Main.storyboard */; };
		E0C5983929F92B0800CC1DED /* Assets.xcassets in Resources */ = {isa = PBXBuildFile; fileRef = E0C5983829F92B0800CC1DED /* Assets.xcassets */; };
		E0C5983C29F92B0800CC1DED /* LaunchScreen.storyboard in Resources */ = {isa = PBXBuildFile; fileRef = E0C5983A29F92B0800CC1DED /* LaunchScreen.storyboard */; };
		E0C5984629FA7C3A00CC1DED /* Constants.swift in Sources */ = {isa = PBXBuildFile; fileRef = E0C5984529FA7C3A00CC1DED /* Constants.swift */; };
		E0C5984829FA7E1000CC1DED /* RegisterViewController.swift in Sources */ = {isa = PBXBuildFile; fileRef = E0C5984729FA7E1000CC1DED /* RegisterViewController.swift */; };
		E0C5984A29FA7E6800CC1DED /* TesterRegisterViewController.swift in Sources */ = {isa = PBXBuildFile; fileRef = E0C5984929FA7E6800CC1DED /* TesterRegisterViewController.swift */; };
		E0C5984C29FA7EBE00CC1DED /* LoginViewController.swift in Sources */ = {isa = PBXBuildFile; fileRef = E0C5984B29FA7EBE00CC1DED /* LoginViewController.swift */; };
		E0C5984F29FAA16000CC1DED /* UserData.swift in Sources */ = {isa = PBXBuildFile; fileRef = E0C5984E29FAA16000CC1DED /* UserData.swift */; };
		E0C5985229FAB20E00CC1DED /* UserManager.swift in Sources */ = {isa = PBXBuildFile; fileRef = E0C5985129FAB20E00CC1DED /* UserManager.swift */; };
		E0C5985429FAB2AA00CC1DED /* User.swift in Sources */ = {isa = PBXBuildFile; fileRef = E0C5985329FAB2AA00CC1DED /* User.swift */; };
		E0C5985729FB399300CC1DED /* UserCell.swift in Sources */ = {isa = PBXBuildFile; fileRef = E0C5985629FB399300CC1DED /* UserCell.swift */; };
		E0C5985929FD2AFE00CC1DED /* ValidationHelper.swift in Sources */ = {isa = PBXBuildFile; fileRef = E0C5985829FD2AFE00CC1DED /* ValidationHelper.swift */; };
		E0C5985B29FE64A500CC1DED /* AuthManager.swift in Sources */ = {isa = PBXBuildFile; fileRef = E0C5985A29FE64A500CC1DED /* AuthManager.swift */; };
		E0C61F392A03F2AE00EDCBBD /* ProductCell.swift in Sources */ = {isa = PBXBuildFile; fileRef = E0C61F382A03F2AE00EDCBBD /* ProductCell.swift */; };
		E0C61F3B2A04097100EDCBBD /* ProductData.swift in Sources */ = {isa = PBXBuildFile; fileRef = E0C61F3A2A04097100EDCBBD /* ProductData.swift */; };
		E0C61F3D2A0409A700EDCBBD /* ProductManager.swift in Sources */ = {isa = PBXBuildFile; fileRef = E0C61F3C2A0409A700EDCBBD /* ProductManager.swift */; };
		E0C61F402A0426DA00EDCBBD /* Kingfisher in Frameworks */ = {isa = PBXBuildFile; productRef = E0C61F3F2A0426DA00EDCBBD /* Kingfisher */; };
		E0C61F422A05207500EDCBBD /* Product.swift in Sources */ = {isa = PBXBuildFile; fileRef = E0C61F412A05207500EDCBBD /* Product.swift */; };
		E0C61F442A053A6500EDCBBD /* ProductDetailViewController.swift in Sources */ = {isa = PBXBuildFile; fileRef = E0C61F432A053A6500EDCBBD /* ProductDetailViewController.swift */; };
		E0EE7BCD2A0905C7007B45E8 /* FilterCriteria.swift in Sources */ = {isa = PBXBuildFile; fileRef = E0EE7BCC2A0905C7007B45E8 /* FilterCriteria.swift */; };
		E0EE7BCF2A0936BE007B45E8 /* SortingCriteria.swift in Sources */ = {isa = PBXBuildFile; fileRef = E0EE7BCE2A0936BE007B45E8 /* SortingCriteria.swift */; };
		E0EE7BD12A0E784B007B45E8 /* SelectedTester.swift in Sources */ = {isa = PBXBuildFile; fileRef = E0EE7BD02A0E784B007B45E8 /* SelectedTester.swift */; };
		E0EE7BD32A0EA3C7007B45E8 /* ShoppingCartViewController.swift in Sources */ = {isa = PBXBuildFile; fileRef = E0EE7BD22A0EA3C7007B45E8 /* ShoppingCartViewController.swift */; };
		E0EE7BD82A138ECE007B45E8 /* ShoppingCartManager.swift in Sources */ = {isa = PBXBuildFile; fileRef = E0EE7BD72A138ECE007B45E8 /* ShoppingCartManager.swift */; };
		E0EE7BDA2A13A9BA007B45E8 /* CartItem.swift in Sources */ = {isa = PBXBuildFile; fileRef = E0EE7BD92A13A9BA007B45E8 /* CartItem.swift */; };
/* End PBXBuildFile section */

/* Begin PBXFileReference section */
		E019E17D2A011E7F00FBBFAE /* Alert.swift */ = {isa = PBXFileReference; lastKnownFileType = sourcecode.swift; path = Alert.swift; sourceTree = "<group>"; };
		E019E17F2A011ED500FBBFAE /* AlertManager.swift */ = {isa = PBXFileReference; lastKnownFileType = sourcecode.swift; path = AlertManager.swift; sourceTree = "<group>"; };
		E019E1812A01673800FBBFAE /* HomeViewController.swift */ = {isa = PBXFileReference; lastKnownFileType = sourcecode.swift; path = HomeViewController.swift; sourceTree = "<group>"; };
		E019E1832A02735300FBBFAE /* CategoryManager.swift */ = {isa = PBXFileReference; lastKnownFileType = sourcecode.swift; path = CategoryManager.swift; sourceTree = "<group>"; };
		E0C5982C29F92B0700CC1DED /* QShopping.app */ = {isa = PBXFileReference; explicitFileType = wrapper.application; includeInIndex = 0; path = QShopping.app; sourceTree = BUILT_PRODUCTS_DIR; };
		E0C5982F29F92B0700CC1DED /* AppDelegate.swift */ = {isa = PBXFileReference; lastKnownFileType = sourcecode.swift; path = AppDelegate.swift; sourceTree = "<group>"; };
		E0C5983129F92B0700CC1DED /* SceneDelegate.swift */ = {isa = PBXFileReference; lastKnownFileType = sourcecode.swift; path = SceneDelegate.swift; sourceTree = "<group>"; };
		E0C5983329F92B0700CC1DED /* LandingViewController.swift */ = {isa = PBXFileReference; lastKnownFileType = sourcecode.swift; path = LandingViewController.swift; sourceTree = "<group>"; };
		E0C5983629F92B0700CC1DED /* Base */ = {isa = PBXFileReference; lastKnownFileType = file.storyboard; name = Base; path = Base.lproj/Main.storyboard; sourceTree = "<group>"; };
		E0C5983829F92B0800CC1DED /* Assets.xcassets */ = {isa = PBXFileReference; lastKnownFileType = folder.assetcatalog; path = Assets.xcassets; sourceTree = "<group>"; };
		E0C5983B29F92B0800CC1DED /* Base */ = {isa = PBXFileReference; lastKnownFileType = file.storyboard; name = Base; path = Base.lproj/LaunchScreen.storyboard; sourceTree = "<group>"; };
		E0C5983D29F92B0800CC1DED /* Info.plist */ = {isa = PBXFileReference; lastKnownFileType = text.plist.xml; path = Info.plist; sourceTree = "<group>"; };
		E0C5984529FA7C3A00CC1DED /* Constants.swift */ = {isa = PBXFileReference; lastKnownFileType = sourcecode.swift; path = Constants.swift; sourceTree = "<group>"; };
		E0C5984729FA7E1000CC1DED /* RegisterViewController.swift */ = {isa = PBXFileReference; lastKnownFileType = sourcecode.swift; path = RegisterViewController.swift; sourceTree = "<group>"; };
		E0C5984929FA7E6800CC1DED /* TesterRegisterViewController.swift */ = {isa = PBXFileReference; lastKnownFileType = sourcecode.swift; path = TesterRegisterViewController.swift; sourceTree = "<group>"; };
		E0C5984B29FA7EBE00CC1DED /* LoginViewController.swift */ = {isa = PBXFileReference; lastKnownFileType = sourcecode.swift; path = LoginViewController.swift; sourceTree = "<group>"; };
		E0C5984E29FAA16000CC1DED /* UserData.swift */ = {isa = PBXFileReference; lastKnownFileType = sourcecode.swift; path = UserData.swift; sourceTree = "<group>"; };
		E0C5985129FAB20E00CC1DED /* UserManager.swift */ = {isa = PBXFileReference; lastKnownFileType = sourcecode.swift; path = UserManager.swift; sourceTree = "<group>"; };
		E0C5985329FAB2AA00CC1DED /* User.swift */ = {isa = PBXFileReference; lastKnownFileType = sourcecode.swift; path = User.swift; sourceTree = "<group>"; };
		E0C5985629FB399300CC1DED /* UserCell.swift */ = {isa = PBXFileReference; lastKnownFileType = sourcecode.swift; path = UserCell.swift; sourceTree = "<group>"; };
		E0C5985829FD2AFE00CC1DED /* ValidationHelper.swift */ = {isa = PBXFileReference; lastKnownFileType = sourcecode.swift; path = ValidationHelper.swift; sourceTree = "<group>"; };
		E0C5985A29FE64A500CC1DED /* AuthManager.swift */ = {isa = PBXFileReference; lastKnownFileType = sourcecode.swift; path = AuthManager.swift; sourceTree = "<group>"; };
		E0C61F382A03F2AE00EDCBBD /* ProductCell.swift */ = {isa = PBXFileReference; lastKnownFileType = sourcecode.swift; path = ProductCell.swift; sourceTree = "<group>"; };
		E0C61F3A2A04097100EDCBBD /* ProductData.swift */ = {isa = PBXFileReference; lastKnownFileType = sourcecode.swift; path = ProductData.swift; sourceTree = "<group>"; };
		E0C61F3C2A0409A700EDCBBD /* ProductManager.swift */ = {isa = PBXFileReference; lastKnownFileType = sourcecode.swift; path = ProductManager.swift; sourceTree = "<group>"; };
		E0C61F412A05207500EDCBBD /* Product.swift */ = {isa = PBXFileReference; lastKnownFileType = sourcecode.swift; path = Product.swift; sourceTree = "<group>"; };
		E0C61F432A053A6500EDCBBD /* ProductDetailViewController.swift */ = {isa = PBXFileReference; lastKnownFileType = sourcecode.swift; path = ProductDetailViewController.swift; sourceTree = "<group>"; };
		E0EE7BCC2A0905C7007B45E8 /* FilterCriteria.swift */ = {isa = PBXFileReference; lastKnownFileType = sourcecode.swift; path = FilterCriteria.swift; sourceTree = "<group>"; };
		E0EE7BCE2A0936BE007B45E8 /* SortingCriteria.swift */ = {isa = PBXFileReference; lastKnownFileType = sourcecode.swift; path = SortingCriteria.swift; sourceTree = "<group>"; };
		E0EE7BD02A0E784B007B45E8 /* SelectedTester.swift */ = {isa = PBXFileReference; lastKnownFileType = sourcecode.swift; path = SelectedTester.swift; sourceTree = "<group>"; };
		E0EE7BD22A0EA3C7007B45E8 /* ShoppingCartViewController.swift */ = {isa = PBXFileReference; lastKnownFileType = sourcecode.swift; path = ShoppingCartViewController.swift; sourceTree = "<group>"; };
		E0EE7BD72A138ECE007B45E8 /* ShoppingCartManager.swift */ = {isa = PBXFileReference; lastKnownFileType = sourcecode.swift; path = ShoppingCartManager.swift; sourceTree = "<group>"; };
		E0EE7BD92A13A9BA007B45E8 /* CartItem.swift */ = {isa = PBXFileReference; lastKnownFileType = sourcecode.swift; path = CartItem.swift; sourceTree = "<group>"; };
/* End PBXFileReference section */

/* Begin PBXFrameworksBuildPhase section */
		E0C5982929F92B0700CC1DED /* Frameworks */ = {
			isa = PBXFrameworksBuildPhase;
			buildActionMask = 2147483647;
			files = (
				E0C61F402A0426DA00EDCBBD /* Kingfisher in Frameworks */,
			);
			runOnlyForDeploymentPostprocessing = 0;
		};
/* End PBXFrameworksBuildPhase section */

/* Begin PBXGroup section */
		E0C5982329F92B0700CC1DED = {
			isa = PBXGroup;
			children = (
				E0C5982E29F92B0700CC1DED /* QShopping */,
				E0C5982D29F92B0700CC1DED /* Products */,
			);
			sourceTree = "<group>";
		};
		E0C5982D29F92B0700CC1DED /* Products */ = {
			isa = PBXGroup;
			children = (
				E0C5982C29F92B0700CC1DED /* QShopping.app */,
			);
			name = Products;
			sourceTree = "<group>";
		};
		E0C5982E29F92B0700CC1DED /* QShopping */ = {
			isa = PBXGroup;
			children = (
				E0C5984D29FA95FC00CC1DED /* Models */,
				E0C5984329F959B700CC1DED /* Views */,
				E0C5985029FAB1C200CC1DED /* Controllers */,
				E0C5984429FA7C2500CC1DED /* SupportingFiles */,
				E0C5982F29F92B0700CC1DED /* AppDelegate.swift */,
				E0C5983129F92B0700CC1DED /* SceneDelegate.swift */,
				E0C5983829F92B0800CC1DED /* Assets.xcassets */,
				E0C5983A29F92B0800CC1DED /* LaunchScreen.storyboard */,
				E0C5983D29F92B0800CC1DED /* Info.plist */,
			);
			path = QShopping;
			sourceTree = "<group>";
		};
		E0C5984329F959B700CC1DED /* Views */ = {
			isa = PBXGroup;
			children = (
				E0C5985529FB397100CC1DED /* CustomCells */,
				E0C5983529F92B0700CC1DED /* Main.storyboard */,
				E0C5983329F92B0700CC1DED /* LandingViewController.swift */,
				E0C5984B29FA7EBE00CC1DED /* LoginViewController.swift */,
				E0C5984729FA7E1000CC1DED /* RegisterViewController.swift */,
				E0C5984929FA7E6800CC1DED /* TesterRegisterViewController.swift */,
				E019E1812A01673800FBBFAE /* HomeViewController.swift */,
				E0C61F432A053A6500EDCBBD /* ProductDetailViewController.swift */,
				E0EE7BD22A0EA3C7007B45E8 /* ShoppingCartViewController.swift */,
			);
			path = Views;
			sourceTree = "<group>";
		};
		E0C5984429FA7C2500CC1DED /* SupportingFiles */ = {
			isa = PBXGroup;
			children = (
				E0C5984529FA7C3A00CC1DED /* Constants.swift */,
				E0C5985829FD2AFE00CC1DED /* ValidationHelper.swift */,
			);
			path = SupportingFiles;
			sourceTree = "<group>";
		};
		E0C5984D29FA95FC00CC1DED /* Models */ = {
			isa = PBXGroup;
			children = (
				E0C5984E29FAA16000CC1DED /* UserData.swift */,
				E0C5985329FAB2AA00CC1DED /* User.swift */,
				E019E17D2A011E7F00FBBFAE /* Alert.swift */,
				E0C61F3A2A04097100EDCBBD /* ProductData.swift */,
				E0C61F412A05207500EDCBBD /* Product.swift */,
				E0EE7BCC2A0905C7007B45E8 /* FilterCriteria.swift */,
				E0EE7BCE2A0936BE007B45E8 /* SortingCriteria.swift */,
				E0EE7BD02A0E784B007B45E8 /* SelectedTester.swift */,
				E0EE7BD92A13A9BA007B45E8 /* CartItem.swift */,
			);
			path = Models;
			sourceTree = "<group>";
		};
		E0C5985029FAB1C200CC1DED /* Controllers */ = {
			isa = PBXGroup;
			children = (
				E0C5985129FAB20E00CC1DED /* UserManager.swift */,
				E0C5985A29FE64A500CC1DED /* AuthManager.swift */,
				E019E17F2A011ED500FBBFAE /* AlertManager.swift */,
				E019E1832A02735300FBBFAE /* CategoryManager.swift */,
				E0C61F3C2A0409A700EDCBBD /* ProductManager.swift */,
				E0EE7BD72A138ECE007B45E8 /* ShoppingCartManager.swift */,
			);
			path = Controllers;
			sourceTree = "<group>";
		};
		E0C5985529FB397100CC1DED /* CustomCells */ = {
			isa = PBXGroup;
			children = (
				E0C5985629FB399300CC1DED /* UserCell.swift */,
				E0C61F382A03F2AE00EDCBBD /* ProductCell.swift */,
			);
			path = CustomCells;
			sourceTree = "<group>";
		};
/* End PBXGroup section */

/* Begin PBXNativeTarget section */
		E0C5982B29F92B0700CC1DED /* QShopping */ = {
			isa = PBXNativeTarget;
			buildConfigurationList = E0C5984029F92B0800CC1DED /* Build configuration list for PBXNativeTarget "QShopping" */;
			buildPhases = (
				E0C5982829F92B0700CC1DED /* Sources */,
				E0C5982929F92B0700CC1DED /* Frameworks */,
				E0C5982A29F92B0700CC1DED /* Resources */,
			);
			buildRules = (
			);
			dependencies = (
			);
			name = QShopping;
			packageProductDependencies = (
				E0C61F3F2A0426DA00EDCBBD /* Kingfisher */,
			);
			productName = QShopping;
			productReference = E0C5982C29F92B0700CC1DED /* QShopping.app */;
			productType = "com.apple.product-type.application";
		};
/* End PBXNativeTarget section */

/* Begin PBXProject section */
		E0C5982429F92B0700CC1DED /* Project object */ = {
			isa = PBXProject;
			attributes = {
				BuildIndependentTargetsInParallel = 1;
				LastSwiftUpdateCheck = 1420;
				LastUpgradeCheck = 1420;
				TargetAttributes = {
					E0C5982B29F92B0700CC1DED = {
						CreatedOnToolsVersion = 14.2;
					};
				};
			};
			buildConfigurationList = E0C5982729F92B0700CC1DED /* Build configuration list for PBXProject "QShopping" */;
			compatibilityVersion = "Xcode 14.0";
			developmentRegion = en;
			hasScannedForEncodings = 0;
			knownRegions = (
				en,
				Base,
			);
			mainGroup = E0C5982329F92B0700CC1DED;
			packageReferences = (
				E0C61F3E2A0426DA00EDCBBD /* XCRemoteSwiftPackageReference "Kingfisher" */,
			);
			productRefGroup = E0C5982D29F92B0700CC1DED /* Products */;
			projectDirPath = "";
			projectRoot = "";
			targets = (
				E0C5982B29F92B0700CC1DED /* QShopping */,
			);
		};
/* End PBXProject section */

/* Begin PBXResourcesBuildPhase section */
		E0C5982A29F92B0700CC1DED /* Resources */ = {
			isa = PBXResourcesBuildPhase;
			buildActionMask = 2147483647;
			files = (
				E0C5983C29F92B0800CC1DED /* LaunchScreen.storyboard in Resources */,
				E0C5983929F92B0800CC1DED /* Assets.xcassets in Resources */,
				E0C5983729F92B0700CC1DED /* Main.storyboard in Resources */,
			);
			runOnlyForDeploymentPostprocessing = 0;
		};
/* End PBXResourcesBuildPhase section */

/* Begin PBXSourcesBuildPhase section */
		E0C5982829F92B0700CC1DED /* Sources */ = {
			isa = PBXSourcesBuildPhase;
			buildActionMask = 2147483647;
			files = (
				E0C5985229FAB20E00CC1DED /* UserManager.swift in Sources */,
				E019E1842A02735300FBBFAE /* CategoryManager.swift in Sources */,
				E0C5984C29FA7EBE00CC1DED /* LoginViewController.swift in Sources */,
				E0EE7BCD2A0905C7007B45E8 /* FilterCriteria.swift in Sources */,
				E019E1802A011ED500FBBFAE /* AlertManager.swift in Sources */,
				E0C5983429F92B0700CC1DED /* LandingViewController.swift in Sources */,
				E0EE7BD32A0EA3C7007B45E8 /* ShoppingCartViewController.swift in Sources */,
				E0C5985B29FE64A500CC1DED /* AuthManager.swift in Sources */,
				E0C5984829FA7E1000CC1DED /* RegisterViewController.swift in Sources */,
				E0C61F442A053A6500EDCBBD /* ProductDetailViewController.swift in Sources */,
				E0C5985929FD2AFE00CC1DED /* ValidationHelper.swift in Sources */,
				E019E17E2A011E7F00FBBFAE /* Alert.swift in Sources */,
				E0EE7BD82A138ECE007B45E8 /* ShoppingCartManager.swift in Sources */,
				E0C61F3B2A04097100EDCBBD /* ProductData.swift in Sources */,
				E0C5984A29FA7E6800CC1DED /* TesterRegisterViewController.swift in Sources */,
				E0C61F3D2A0409A700EDCBBD /* ProductManager.swift in Sources */,
				E0C5984F29FAA16000CC1DED /* UserData.swift in Sources */,
				E0EE7BD12A0E784B007B45E8 /* SelectedTester.swift in Sources */,
				E0C5983029F92B0700CC1DED /* AppDelegate.swift in Sources */,
				E019E1822A01673800FBBFAE /* HomeViewController.swift in Sources */,
				E0EE7BCF2A0936BE007B45E8 /* SortingCriteria.swift in Sources */,
				E0C5983229F92B0700CC1DED /* SceneDelegate.swift in Sources */,
				E0C5985429FAB2AA00CC1DED /* User.swift in Sources */,
				E0EE7BDA2A13A9BA007B45E8 /* CartItem.swift in Sources */,
				E0C61F392A03F2AE00EDCBBD /* ProductCell.swift in Sources */,
				E0C5985729FB399300CC1DED /* UserCell.swift in Sources */,
				E0C5984629FA7C3A00CC1DED /* Constants.swift in Sources */,
				E0C61F422A05207500EDCBBD /* Product.swift in Sources */,
			);
			runOnlyForDeploymentPostprocessing = 0;
		};
/* End PBXSourcesBuildPhase section */

/* Begin PBXVariantGroup section */
		E0C5983529F92B0700CC1DED /* Main.storyboard */ = {
			isa = PBXVariantGroup;
			children = (
				E0C5983629F92B0700CC1DED /* Base */,
			);
			name = Main.storyboard;
			sourceTree = "<group>";
		};
		E0C5983A29F92B0800CC1DED /* LaunchScreen.storyboard */ = {
			isa = PBXVariantGroup;
			children = (
				E0C5983B29F92B0800CC1DED /* Base */,
			);
			name = LaunchScreen.storyboard;
			sourceTree = "<group>";
		};
/* End PBXVariantGroup section */

/* Begin XCBuildConfiguration section */
		E0C5983E29F92B0800CC1DED /* Debug */ = {
			isa = XCBuildConfiguration;
			buildSettings = {
				ALWAYS_SEARCH_USER_PATHS = NO;
				CLANG_ANALYZER_NONNULL = YES;
				CLANG_ANALYZER_NUMBER_OBJECT_CONVERSION = YES_AGGRESSIVE;
				CLANG_CXX_LANGUAGE_STANDARD = "gnu++20";
				CLANG_ENABLE_MODULES = YES;
				CLANG_ENABLE_OBJC_ARC = YES;
				CLANG_ENABLE_OBJC_WEAK = YES;
				CLANG_WARN_BLOCK_CAPTURE_AUTORELEASING = YES;
				CLANG_WARN_BOOL_CONVERSION = YES;
				CLANG_WARN_COMMA = YES;
				CLANG_WARN_CONSTANT_CONVERSION = YES;
				CLANG_WARN_DEPRECATED_OBJC_IMPLEMENTATIONS = YES;
				CLANG_WARN_DIRECT_OBJC_ISA_USAGE = YES_ERROR;
				CLANG_WARN_DOCUMENTATION_COMMENTS = YES;
				CLANG_WARN_EMPTY_BODY = YES;
				CLANG_WARN_ENUM_CONVERSION = YES;
				CLANG_WARN_INFINITE_RECURSION = YES;
				CLANG_WARN_INT_CONVERSION = YES;
				CLANG_WARN_NON_LITERAL_NULL_CONVERSION = YES;
				CLANG_WARN_OBJC_IMPLICIT_RETAIN_SELF = YES;
				CLANG_WARN_OBJC_LITERAL_CONVERSION = YES;
				CLANG_WARN_OBJC_ROOT_CLASS = YES_ERROR;
				CLANG_WARN_QUOTED_INCLUDE_IN_FRAMEWORK_HEADER = YES;
				CLANG_WARN_RANGE_LOOP_ANALYSIS = YES;
				CLANG_WARN_STRICT_PROTOTYPES = YES;
				CLANG_WARN_SUSPICIOUS_MOVE = YES;
				CLANG_WARN_UNGUARDED_AVAILABILITY = YES_AGGRESSIVE;
				CLANG_WARN_UNREACHABLE_CODE = YES;
				CLANG_WARN__DUPLICATE_METHOD_MATCH = YES;
				COPY_PHASE_STRIP = NO;
				DEBUG_INFORMATION_FORMAT = dwarf;
				ENABLE_STRICT_OBJC_MSGSEND = YES;
				ENABLE_TESTABILITY = YES;
				GCC_C_LANGUAGE_STANDARD = gnu11;
				GCC_DYNAMIC_NO_PIC = NO;
				GCC_NO_COMMON_BLOCKS = YES;
				GCC_OPTIMIZATION_LEVEL = 0;
				GCC_PREPROCESSOR_DEFINITIONS = (
					"DEBUG=1",
					"$(inherited)",
				);
				GCC_WARN_64_TO_32_BIT_CONVERSION = YES;
				GCC_WARN_ABOUT_RETURN_TYPE = YES_ERROR;
				GCC_WARN_UNDECLARED_SELECTOR = YES;
				GCC_WARN_UNINITIALIZED_AUTOS = YES_AGGRESSIVE;
				GCC_WARN_UNUSED_FUNCTION = YES;
				GCC_WARN_UNUSED_VARIABLE = YES;
				IPHONEOS_DEPLOYMENT_TARGET = 16.2;
				MTL_ENABLE_DEBUG_INFO = INCLUDE_SOURCE;
				MTL_FAST_MATH = YES;
				ONLY_ACTIVE_ARCH = YES;
				SDKROOT = iphoneos;
				SWIFT_ACTIVE_COMPILATION_CONDITIONS = DEBUG;
				SWIFT_OPTIMIZATION_LEVEL = "-Onone";
			};
			name = Debug;
		};
		E0C5983F29F92B0800CC1DED /* Release */ = {
			isa = XCBuildConfiguration;
			buildSettings = {
				ALWAYS_SEARCH_USER_PATHS = NO;
				CLANG_ANALYZER_NONNULL = YES;
				CLANG_ANALYZER_NUMBER_OBJECT_CONVERSION = YES_AGGRESSIVE;
				CLANG_CXX_LANGUAGE_STANDARD = "gnu++20";
				CLANG_ENABLE_MODULES = YES;
				CLANG_ENABLE_OBJC_ARC = YES;
				CLANG_ENABLE_OBJC_WEAK = YES;
				CLANG_WARN_BLOCK_CAPTURE_AUTORELEASING = YES;
				CLANG_WARN_BOOL_CONVERSION = YES;
				CLANG_WARN_COMMA = YES;
				CLANG_WARN_CONSTANT_CONVERSION = YES;
				CLANG_WARN_DEPRECATED_OBJC_IMPLEMENTATIONS = YES;
				CLANG_WARN_DIRECT_OBJC_ISA_USAGE = YES_ERROR;
				CLANG_WARN_DOCUMENTATION_COMMENTS = YES;
				CLANG_WARN_EMPTY_BODY = YES;
				CLANG_WARN_ENUM_CONVERSION = YES;
				CLANG_WARN_INFINITE_RECURSION = YES;
				CLANG_WARN_INT_CONVERSION = YES;
				CLANG_WARN_NON_LITERAL_NULL_CONVERSION = YES;
				CLANG_WARN_OBJC_IMPLICIT_RETAIN_SELF = YES;
				CLANG_WARN_OBJC_LITERAL_CONVERSION = YES;
				CLANG_WARN_OBJC_ROOT_CLASS = YES_ERROR;
				CLANG_WARN_QUOTED_INCLUDE_IN_FRAMEWORK_HEADER = YES;
				CLANG_WARN_RANGE_LOOP_ANALYSIS = YES;
				CLANG_WARN_STRICT_PROTOTYPES = YES;
				CLANG_WARN_SUSPICIOUS_MOVE = YES;
				CLANG_WARN_UNGUARDED_AVAILABILITY = YES_AGGRESSIVE;
				CLANG_WARN_UNREACHABLE_CODE = YES;
				CLANG_WARN__DUPLICATE_METHOD_MATCH = YES;
				COPY_PHASE_STRIP = NO;
				DEBUG_INFORMATION_FORMAT = "dwarf-with-dsym";
				ENABLE_NS_ASSERTIONS = NO;
				ENABLE_STRICT_OBJC_MSGSEND = YES;
				GCC_C_LANGUAGE_STANDARD = gnu11;
				GCC_NO_COMMON_BLOCKS = YES;
				GCC_WARN_64_TO_32_BIT_CONVERSION = YES;
				GCC_WARN_ABOUT_RETURN_TYPE = YES_ERROR;
				GCC_WARN_UNDECLARED_SELECTOR = YES;
				GCC_WARN_UNINITIALIZED_AUTOS = YES_AGGRESSIVE;
				GCC_WARN_UNUSED_FUNCTION = YES;
				GCC_WARN_UNUSED_VARIABLE = YES;
				IPHONEOS_DEPLOYMENT_TARGET = 16.2;
				MTL_ENABLE_DEBUG_INFO = NO;
				MTL_FAST_MATH = YES;
				SDKROOT = iphoneos;
				SWIFT_COMPILATION_MODE = wholemodule;
				SWIFT_OPTIMIZATION_LEVEL = "-O";
				VALIDATE_PRODUCT = YES;
			};
			name = Release;
		};
		E0C5984129F92B0800CC1DED /* Debug */ = {
			isa = XCBuildConfiguration;
			buildSettings = {
				ASSETCATALOG_COMPILER_APPICON_NAME = AppIcon;
				ASSETCATALOG_COMPILER_GLOBAL_ACCENT_COLOR_NAME = AccentColor;
				CODE_SIGN_STYLE = Automatic;
				CURRENT_PROJECT_VERSION = 1;
				DEVELOPMENT_TEAM = 27L38TGFQ8;
				GENERATE_INFOPLIST_FILE = YES;
				INFOPLIST_FILE = QShopping/Info.plist;
				INFOPLIST_KEY_UIApplicationSupportsIndirectInputEvents = YES;
				INFOPLIST_KEY_UILaunchStoryboardName = LaunchScreen;
				INFOPLIST_KEY_UIMainStoryboardFile = Main;
				INFOPLIST_KEY_UISupportedInterfaceOrientations = UIInterfaceOrientationPortrait;
				INFOPLIST_KEY_UISupportedInterfaceOrientations_iPad = "UIInterfaceOrientationLandscapeLeft UIInterfaceOrientationLandscapeRight UIInterfaceOrientationPortrait UIInterfaceOrientationPortraitUpsideDown";
				LD_RUNPATH_SEARCH_PATHS = (
					"$(inherited)",
					"@executable_path/Frameworks",
				);
				MARKETING_VERSION = 1.0;
				PRODUCT_BUNDLE_IDENTIFIER = com.kubilay.QShopping;
				PRODUCT_NAME = "$(TARGET_NAME)";
				SUPPORTED_PLATFORMS = "iphoneos iphonesimulator";
				SUPPORTS_MACCATALYST = NO;
				SUPPORTS_MAC_DESIGNED_FOR_IPHONE_IPAD = NO;
				SWIFT_EMIT_LOC_STRINGS = YES;
				SWIFT_VERSION = 5.0;
				TARGETED_DEVICE_FAMILY = 1;
			};
			name = Debug;
		};
		E0C5984229F92B0800CC1DED /* Release */ = {
			isa = XCBuildConfiguration;
			buildSettings = {
				ASSETCATALOG_COMPILER_APPICON_NAME = AppIcon;
				ASSETCATALOG_COMPILER_GLOBAL_ACCENT_COLOR_NAME = AccentColor;
				CODE_SIGN_STYLE = Automatic;
				CURRENT_PROJECT_VERSION = 1;
				DEVELOPMENT_TEAM = 27L38TGFQ8;
				GENERATE_INFOPLIST_FILE = YES;
				INFOPLIST_FILE = QShopping/Info.plist;
				INFOPLIST_KEY_UIApplicationSupportsIndirectInputEvents = YES;
				INFOPLIST_KEY_UILaunchStoryboardName = LaunchScreen;
				INFOPLIST_KEY_UIMainStoryboardFile = Main;
				INFOPLIST_KEY_UISupportedInterfaceOrientations = UIInterfaceOrientationPortrait;
				INFOPLIST_KEY_UISupportedInterfaceOrientations_iPad = "UIInterfaceOrientationLandscapeLeft UIInterfaceOrientationLandscapeRight UIInterfaceOrientationPortrait UIInterfaceOrientationPortraitUpsideDown";
				LD_RUNPATH_SEARCH_PATHS = (
					"$(inherited)",
					"@executable_path/Frameworks",
				);
				MARKETING_VERSION = 1.0;
				PRODUCT_BUNDLE_IDENTIFIER = com.kubilay.QShopping;
				PRODUCT_NAME = "$(TARGET_NAME)";
				SUPPORTED_PLATFORMS = "iphoneos iphonesimulator";
				SUPPORTS_MACCATALYST = NO;
				SUPPORTS_MAC_DESIGNED_FOR_IPHONE_IPAD = NO;
				SWIFT_EMIT_LOC_STRINGS = YES;
				SWIFT_VERSION = 5.0;
				TARGETED_DEVICE_FAMILY = 1;
			};
			name = Release;
		};
/* End XCBuildConfiguration section */

/* Begin XCConfigurationList section */
		E0C5982729F92B0700CC1DED /* Build configuration list for PBXProject "QShopping" */ = {
			isa = XCConfigurationList;
			buildConfigurations = (
				E0C5983E29F92B0800CC1DED /* Debug */,
				E0C5983F29F92B0800CC1DED /* Release */,
			);
			defaultConfigurationIsVisible = 0;
			defaultConfigurationName = Release;
		};
		E0C5984029F92B0800CC1DED /* Build configuration list for PBXNativeTarget "QShopping" */ = {
			isa = XCConfigurationList;
			buildConfigurations = (
				E0C5984129F92B0800CC1DED /* Debug */,
				E0C5984229F92B0800CC1DED /* Release */,
			);
			defaultConfigurationIsVisible = 0;
			defaultConfigurationName = Release;
		};
/* End XCConfigurationList section */

/* Begin XCRemoteSwiftPackageReference section */
		E0C61F3E2A0426DA00EDCBBD /* XCRemoteSwiftPackageReference "Kingfisher" */ = {
			isa = XCRemoteSwiftPackageReference;
			repositoryURL = "https://github.com/onevcat/Kingfisher.git";
			requirement = {
				kind = upToNextMajorVersion;
				minimumVersion = 7.0.0;
			};
		};
/* End XCRemoteSwiftPackageReference section */

/* Begin XCSwiftPackageProductDependency section */
		E0C61F3F2A0426DA00EDCBBD /* Kingfisher */ = {
			isa = XCSwiftPackageProductDependency;
			package = E0C61F3E2A0426DA00EDCBBD /* XCRemoteSwiftPackageReference "Kingfisher" */;
			productName = Kingfisher;
		};
/* End XCSwiftPackageProductDependency section */
	};
	rootObject = E0C5982429F92B0700CC1DED /* Project object */;
}
